
Microsoft Visual Studio Solution File, Format Version 12.00
# Visual Studio Version 17
VisualStudioVersion = 17.0.32126.317
MinimumVisualStudioVersion = 10.0.40219.1
Project("{FAE04EC0-301F-11D3-BF4B-00C04F79EFBC}") = "View", "View\View.csproj", "{9A7BBE95-4B17-4B20-B16E-4E3412D71543}"
EndProject
Project("{FAE04EC0-301F-11D3-BF4B-00C04F79EFBC}") = "Model", "Model\Model.csproj", "{3BEED899-3AD7-47FE-9908-9FEB7AD94214}"
EndProject
Project("{FAE04EC0-301F-11D3-BF4B-00C04F79EFBC}") = "ViewModel", "ViewModel\ViewModel.csproj", "{801E0A35-FFE7-4F53-8CE0-600D06EBEC37}"
EndProject
Project("{FAE04EC0-301F-11D3-BF4B-00C04F79EFBC}") = "Cells", "Cells\Cells.csproj", "{2B9DCFE1-19CD-4AC0-9EC5-876F8C50F548}"
EndProject
Global
	GlobalSection(SolutionConfigurationPlatforms) = preSolution
		Debug|Any CPU = Debug|Any CPU
		Release|Any CPU = Release|Any CPU
	EndGlobalSection
	GlobalSection(ProjectConfigurationPlatforms) = postSolution
		{9A7BBE95-4B17-4B20-B16E-4E3412D71543}.Debug|Any CPU.ActiveCfg = Debug|Any CPU
		{9A7BBE95-4B17-4B20-B16E-4E3412D71543}.Debug|Any CPU.Build.0 = Debug|Any CPU
		{9A7BBE95-4B17-4B20-B16E-4E3412D71543}.Release|Any CPU.ActiveCfg = Release|Any CPU
		{9A7BBE95-4B17-4B20-B16E-4E3412D71543}.Release|Any CPU.Build.0 = Release|Any CPU
		{3BEED899-3AD7-47FE-9908-9FEB7AD94214}.Debug|Any CPU.ActiveCfg = Debug|Any CPU
		{3BEED899-3AD7-47FE-9908-9FEB7AD94214}.Debug|Any CPU.Build.0 = Debug|Any CPU
		{3BEED899-3AD7-47FE-9908-9FEB7AD94214}.Release|Any CPU.ActiveCfg = Release|Any CPU
		{3BEED899-3AD7-47FE-9908-9FEB7AD94214}.Release|Any CPU.Build.0 = Release|Any CPU
		{801E0A35-FFE7-4F53-8CE0-600D06EBEC37}.Debug|Any CPU.ActiveCfg = Debug|Any CPU
		{801E0A35-FFE7-4F53-8CE0-600D06EBEC37}.Debug|Any CPU.Build.0 = Debug|Any CPU
		{801E0A35-FFE7-4F53-8CE0-600D06EBEC37}.Release|Any CPU.ActiveCfg = Release|Any CPU
		{801E0A35-FFE7-4F53-8CE0-600D06EBEC37}.Release|Any CPU.Build.0 = Release|Any CPU
		{2B9DCFE1-19CD-4AC0-9EC5-876F8C50F548}.Debug|Any CPU.ActiveCfg = Debug|Any CPU
		{2B9DCFE1-19CD-4AC0-9EC5-876F8C50F548}.Debug|Any CPU.Build.0 = Debug|Any CPU
		{2B9DCFE1-19CD-4AC0-9EC5-876F8C50F548}.Release|Any CPU.ActiveCfg = Release|Any CPU
		{2B9DCFE1-19CD-4AC0-9EC5-876F8C50F548}.Release|Any CPU.Build.0 = Release|Any CPU
	EndGlobalSection
	GlobalSection(SolutionProperties) = preSolution
		HideSolutionNode = FALSE
	EndGlobalSection
	GlobalSection(ExtensibilityGlobals) = postSolution
		SolutionGuid = {478F7FE9-8779-4E4A-B79E-DE2BE0681CAA}
	EndGlobalSection
EndGlobal
